
Microsoft Visual Studio Solution File, Format Version 12.00
# Visual Studio Version 16
VisualStudioVersion = 16.0.31624.102
MinimumVisualStudioVersion = 10.0.40219.1
Project("{FAE04EC0-301F-11D3-BF4B-00C04F79EFBC}") = "delegateventwithtimere", "delegateventwithtimere\delegateventwithtimere.csproj", "{7E10A6F1-BDF3-40C1-9048-5DB67701621C}"
EndProject
Global
	GlobalSection(SolutionConfigurationPlatforms) = preSolution
		Debug|Any CPU = Debug|Any CPU
		Release|Any CPU = Release|Any CPU
	EndGlobalSection
	GlobalSection(ProjectConfigurationPlatforms) = postSolution
		{7E10A6F1-BDF3-40C1-9048-5DB67701621C}.Debug|Any CPU.ActiveCfg = Debug|Any CPU
		{7E10A6F1-BDF3-40C1-9048-5DB67701621C}.Debug|Any CPU.Build.0 = Debug|Any CPU
		{7E10A6F1-BDF3-40C1-9048-5DB67701621C}.Release|Any CPU.ActiveCfg = Release|Any CPU
		{7E10A6F1-BDF3-40C1-9048-5DB67701621C}.Release|Any CPU.Build.0 = Release|Any CPU
	EndGlobalSection
	GlobalSection(SolutionProperties) = preSolution
		HideSolutionNode = FALSE
	EndGlobalSection
	GlobalSection(ExtensibilityGlobals) = postSolution
		SolutionGuid = {CF5A36FB-6BFB-4AC1-81A7-D50FE39CB67F}
	EndGlobalSection
EndGlobal
