
Microsoft Visual Studio Solution File, Format Version 12.00
# Visual Studio Version 16
VisualStudioVersion = 16.0.31624.102
MinimumVisualStudioVersion = 10.0.40219.1
Project("{FAE04EC0-301F-11D3-BF4B-00C04F79EFBC}") = "week4 ses2", "week4 ses2\week4 ses2.csproj", "{F375DC56-E185-4A40-86F7-4BA70507C6BB}"
EndProject
Global
	GlobalSection(SolutionConfigurationPlatforms) = preSolution
		Debug|Any CPU = Debug|Any CPU
		Release|Any CPU = Release|Any CPU
	EndGlobalSection
	GlobalSection(ProjectConfigurationPlatforms) = postSolution
		{F375DC56-E185-4A40-86F7-4BA70507C6BB}.Debug|Any CPU.ActiveCfg = Debug|Any CPU
		{F375DC56-E185-4A40-86F7-4BA70507C6BB}.Debug|Any CPU.Build.0 = Debug|Any CPU
		{F375DC56-E185-4A40-86F7-4BA70507C6BB}.Release|Any CPU.ActiveCfg = Release|Any CPU
		{F375DC56-E185-4A40-86F7-4BA70507C6BB}.Release|Any CPU.Build.0 = Release|Any CPU
	EndGlobalSection
	GlobalSection(SolutionProperties) = preSolution
		HideSolutionNode = FALSE
	EndGlobalSection
	GlobalSection(ExtensibilityGlobals) = postSolution
		SolutionGuid = {D7B6D4B2-B5DA-4342-8350-3F266ED69E5F}
	EndGlobalSection
EndGlobal
