
Microsoft Visual Studio Solution File, Format Version 12.00
# Visual Studio Version 16
VisualStudioVersion = 16.0.31624.102
MinimumVisualStudioVersion = 10.0.40219.1
Project("{FAE04EC0-301F-11D3-BF4B-00C04F79EFBC}") = "librarysystemforsch", "librarysystemforsch\librarysystemforsch.csproj", "{4E69D64F-C720-4E15-B69C-A598B1CC430B}"
EndProject
Global
	GlobalSection(SolutionConfigurationPlatforms) = preSolution
		Debug|Any CPU = Debug|Any CPU
		Release|Any CPU = Release|Any CPU
	EndGlobalSection
	GlobalSection(ProjectConfigurationPlatforms) = postSolution
		{4E69D64F-C720-4E15-B69C-A598B1CC430B}.Debug|Any CPU.ActiveCfg = Debug|Any CPU
		{4E69D64F-C720-4E15-B69C-A598B1CC430B}.Debug|Any CPU.Build.0 = Debug|Any CPU
		{4E69D64F-C720-4E15-B69C-A598B1CC430B}.Release|Any CPU.ActiveCfg = Release|Any CPU
		{4E69D64F-C720-4E15-B69C-A598B1CC430B}.Release|Any CPU.Build.0 = Release|Any CPU
	EndGlobalSection
	GlobalSection(SolutionProperties) = preSolution
		HideSolutionNode = FALSE
	EndGlobalSection
	GlobalSection(ExtensibilityGlobals) = postSolution
		SolutionGuid = {0D359947-99AB-49F6-921A-E87C1E15CCD0}
	EndGlobalSection
EndGlobal
