
Microsoft Visual Studio Solution File, Format Version 12.00
# Visual Studio Version 16
VisualStudioVersion = 16.0.31624.102
MinimumVisualStudioVersion = 10.0.40219.1
Project("{FAE04EC0-301F-11D3-BF4B-00C04F79EFBC}") = "even length string cehcker", "even length string cehcker\even length string cehcker.csproj", "{DA3DD21E-4A2A-45F6-817C-AE0BF0A55BB0}"
EndProject
Global
	GlobalSection(SolutionConfigurationPlatforms) = preSolution
		Debug|Any CPU = Debug|Any CPU
		Release|Any CPU = Release|Any CPU
	EndGlobalSection
	GlobalSection(ProjectConfigurationPlatforms) = postSolution
		{DA3DD21E-4A2A-45F6-817C-AE0BF0A55BB0}.Debug|Any CPU.ActiveCfg = Debug|Any CPU
		{DA3DD21E-4A2A-45F6-817C-AE0BF0A55BB0}.Debug|Any CPU.Build.0 = Debug|Any CPU
		{DA3DD21E-4A2A-45F6-817C-AE0BF0A55BB0}.Release|Any CPU.ActiveCfg = Release|Any CPU
		{DA3DD21E-4A2A-45F6-817C-AE0BF0A55BB0}.Release|Any CPU.Build.0 = Release|Any CPU
	EndGlobalSection
	GlobalSection(SolutionProperties) = preSolution
		HideSolutionNode = FALSE
	EndGlobalSection
	GlobalSection(ExtensibilityGlobals) = postSolution
		SolutionGuid = {C21442C6-C9C4-4095-B123-1869B64CC155}
	EndGlobalSection
EndGlobal
