
Microsoft Visual Studio Solution File, Format Version 12.00
# Visual Studio Version 16
VisualStudioVersion = 16.0.31729.503
MinimumVisualStudioVersion = 10.0.40219.1
Project("{FAE04EC0-301F-11D3-BF4B-00C04F79EFBC}") = "PostAndGet", "PostAndGet\PostAndGet.csproj", "{E91C7146-1286-4DF5-86A7-F9D5373F3BA1}"
EndProject
Global
	GlobalSection(SolutionConfigurationPlatforms) = preSolution
		Debug|Any CPU = Debug|Any CPU
		Release|Any CPU = Release|Any CPU
	EndGlobalSection
	GlobalSection(ProjectConfigurationPlatforms) = postSolution
		{E91C7146-1286-4DF5-86A7-F9D5373F3BA1}.Debug|Any CPU.ActiveCfg = Debug|Any CPU
		{E91C7146-1286-4DF5-86A7-F9D5373F3BA1}.Debug|Any CPU.Build.0 = Debug|Any CPU
		{E91C7146-1286-4DF5-86A7-F9D5373F3BA1}.Release|Any CPU.ActiveCfg = Release|Any CPU
		{E91C7146-1286-4DF5-86A7-F9D5373F3BA1}.Release|Any CPU.Build.0 = Release|Any CPU
	EndGlobalSection
	GlobalSection(SolutionProperties) = preSolution
		HideSolutionNode = FALSE
	EndGlobalSection
	GlobalSection(ExtensibilityGlobals) = postSolution
		SolutionGuid = {164D3C6E-04D1-4E59-8F96-99B607FB8A72}
	EndGlobalSection
EndGlobal
