
Microsoft Visual Studio Solution File, Format Version 12.00
# Visual Studio Version 16
VisualStudioVersion = 16.0.31729.503
MinimumVisualStudioVersion = 10.0.40219.1
Project("{F184B08F-C81C-45F6-A57F-5ABD9991F28F}") = "WebApplication5", "WebApplication5\WebApplication5.vbproj", "{7A19DBAE-BBE4-4BEC-AAEB-6EA0AC35340B}"
EndProject
Global
	GlobalSection(SolutionConfigurationPlatforms) = preSolution
		Debug|Any CPU = Debug|Any CPU
		Release|Any CPU = Release|Any CPU
	EndGlobalSection
	GlobalSection(ProjectConfigurationPlatforms) = postSolution
		{7A19DBAE-BBE4-4BEC-AAEB-6EA0AC35340B}.Debug|Any CPU.ActiveCfg = Debug|Any CPU
		{7A19DBAE-BBE4-4BEC-AAEB-6EA0AC35340B}.Debug|Any CPU.Build.0 = Debug|Any CPU
		{7A19DBAE-BBE4-4BEC-AAEB-6EA0AC35340B}.Release|Any CPU.ActiveCfg = Release|Any CPU
		{7A19DBAE-BBE4-4BEC-AAEB-6EA0AC35340B}.Release|Any CPU.Build.0 = Release|Any CPU
	EndGlobalSection
	GlobalSection(SolutionProperties) = preSolution
		HideSolutionNode = FALSE
	EndGlobalSection
	GlobalSection(ExtensibilityGlobals) = postSolution
		SolutionGuid = {FF5171C8-ED38-44CF-B2FA-B0ADE5536F75}
	EndGlobalSection
EndGlobal
