
Microsoft Visual Studio Solution File, Format Version 12.00
# Visual Studio Version 16
VisualStudioVersion = 16.0.31624.102
MinimumVisualStudioVersion = 10.0.40219.1
Project("{FAE04EC0-301F-11D3-BF4B-00C04F79EFBC}") = "CheckShape", "week5 Ses-1\CheckShape.csproj", "{8784E312-2F28-42FC-A544-1514958B18B5}"
EndProject
Global
	GlobalSection(SolutionConfigurationPlatforms) = preSolution
		Debug|Any CPU = Debug|Any CPU
		Release|Any CPU = Release|Any CPU
	EndGlobalSection
	GlobalSection(ProjectConfigurationPlatforms) = postSolution
		{8784E312-2F28-42FC-A544-1514958B18B5}.Debug|Any CPU.ActiveCfg = Debug|Any CPU
		{8784E312-2F28-42FC-A544-1514958B18B5}.Debug|Any CPU.Build.0 = Debug|Any CPU
		{8784E312-2F28-42FC-A544-1514958B18B5}.Release|Any CPU.ActiveCfg = Release|Any CPU
		{8784E312-2F28-42FC-A544-1514958B18B5}.Release|Any CPU.Build.0 = Release|Any CPU
	EndGlobalSection
	GlobalSection(SolutionProperties) = preSolution
		HideSolutionNode = FALSE
	EndGlobalSection
	GlobalSection(ExtensibilityGlobals) = postSolution
		SolutionGuid = {DE6E8B3B-3A2D-468D-983F-D68BEC7BCA49}
	EndGlobalSection
EndGlobal
