
Microsoft Visual Studio Solution File, Format Version 12.00
# Visual Studio Version 16
VisualStudioVersion = 16.0.31624.102
MinimumVisualStudioVersion = 10.0.40219.1
Project("{FAE04EC0-301F-11D3-BF4B-00C04F79EFBC}") = "FileRead and append", "FileRead and append\FileRead and append.csproj", "{690D3FBC-014D-4549-90B0-F057C56A5D05}"
EndProject
Global
	GlobalSection(SolutionConfigurationPlatforms) = preSolution
		Debug|Any CPU = Debug|Any CPU
		Release|Any CPU = Release|Any CPU
	EndGlobalSection
	GlobalSection(ProjectConfigurationPlatforms) = postSolution
		{690D3FBC-014D-4549-90B0-F057C56A5D05}.Debug|Any CPU.ActiveCfg = Debug|Any CPU
		{690D3FBC-014D-4549-90B0-F057C56A5D05}.Debug|Any CPU.Build.0 = Debug|Any CPU
		{690D3FBC-014D-4549-90B0-F057C56A5D05}.Release|Any CPU.ActiveCfg = Release|Any CPU
		{690D3FBC-014D-4549-90B0-F057C56A5D05}.Release|Any CPU.Build.0 = Release|Any CPU
	EndGlobalSection
	GlobalSection(SolutionProperties) = preSolution
		HideSolutionNode = FALSE
	EndGlobalSection
	GlobalSection(ExtensibilityGlobals) = postSolution
		SolutionGuid = {5E8FD64E-D633-43EB-8E97-7C5F36FFC39C}
	EndGlobalSection
EndGlobal
