
Microsoft Visual Studio Solution File, Format Version 12.00
# Visual Studio Version 16
VisualStudioVersion = 16.0.31624.102
MinimumVisualStudioVersion = 10.0.40219.1
Project("{FAE04EC0-301F-11D3-BF4B-00C04F79EFBC}") = "events delegate send alert msg  to subscribers", "events delegate send alert msg  to subscribers\events delegate send alert msg  to subscribers.csproj", "{30DB5087-E7FA-4796-8435-AC38FDE477CF}"
EndProject
Global
	GlobalSection(SolutionConfigurationPlatforms) = preSolution
		Debug|Any CPU = Debug|Any CPU
		Release|Any CPU = Release|Any CPU
	EndGlobalSection
	GlobalSection(ProjectConfigurationPlatforms) = postSolution
		{30DB5087-E7FA-4796-8435-AC38FDE477CF}.Debug|Any CPU.ActiveCfg = Debug|Any CPU
		{30DB5087-E7FA-4796-8435-AC38FDE477CF}.Debug|Any CPU.Build.0 = Debug|Any CPU
		{30DB5087-E7FA-4796-8435-AC38FDE477CF}.Release|Any CPU.ActiveCfg = Release|Any CPU
		{30DB5087-E7FA-4796-8435-AC38FDE477CF}.Release|Any CPU.Build.0 = Release|Any CPU
	EndGlobalSection
	GlobalSection(SolutionProperties) = preSolution
		HideSolutionNode = FALSE
	EndGlobalSection
	GlobalSection(ExtensibilityGlobals) = postSolution
		SolutionGuid = {5AC669FA-A967-4C04-9619-7D853893F1E9}
	EndGlobalSection
EndGlobal
