
Microsoft Visual Studio Solution File, Format Version 12.00
# Visual Studio Version 16
VisualStudioVersion = 16.0.31624.102
MinimumVisualStudioVersion = 10.0.40219.1
Project("{FAE04EC0-301F-11D3-BF4B-00C04F79EFBC}") = "taskexampleswithexception", "taskexampleswithexception\taskexampleswithexception.csproj", "{D5EF85F5-D30D-4910-B3F9-BE45851FC34F}"
EndProject
Global
	GlobalSection(SolutionConfigurationPlatforms) = preSolution
		Debug|Any CPU = Debug|Any CPU
		Release|Any CPU = Release|Any CPU
	EndGlobalSection
	GlobalSection(ProjectConfigurationPlatforms) = postSolution
		{D5EF85F5-D30D-4910-B3F9-BE45851FC34F}.Debug|Any CPU.ActiveCfg = Debug|Any CPU
		{D5EF85F5-D30D-4910-B3F9-BE45851FC34F}.Debug|Any CPU.Build.0 = Debug|Any CPU
		{D5EF85F5-D30D-4910-B3F9-BE45851FC34F}.Release|Any CPU.ActiveCfg = Release|Any CPU
		{D5EF85F5-D30D-4910-B3F9-BE45851FC34F}.Release|Any CPU.Build.0 = Release|Any CPU
	EndGlobalSection
	GlobalSection(SolutionProperties) = preSolution
		HideSolutionNode = FALSE
	EndGlobalSection
	GlobalSection(ExtensibilityGlobals) = postSolution
		SolutionGuid = {8CE4B951-2A55-4EBD-9AC9-CB37825B6385}
	EndGlobalSection
EndGlobal
