
Microsoft Visual Studio Solution File, Format Version 12.00
# Visual Studio Version 16
VisualStudioVersion = 16.0.31729.503
MinimumVisualStudioVersion = 10.0.40219.1
Project("{FAE04EC0-301F-11D3-BF4B-00C04F79EFBC}") = "sampleEntityFramework", "sampleEntityFramework\sampleEntityFramework.csproj", "{7AC87E16-FB4F-46AC-8EF9-31D0F0DD28EE}"
EndProject
Global
	GlobalSection(SolutionConfigurationPlatforms) = preSolution
		Debug|Any CPU = Debug|Any CPU
		Release|Any CPU = Release|Any CPU
	EndGlobalSection
	GlobalSection(ProjectConfigurationPlatforms) = postSolution
		{7AC87E16-FB4F-46AC-8EF9-31D0F0DD28EE}.Debug|Any CPU.ActiveCfg = Debug|Any CPU
		{7AC87E16-FB4F-46AC-8EF9-31D0F0DD28EE}.Debug|Any CPU.Build.0 = Debug|Any CPU
		{7AC87E16-FB4F-46AC-8EF9-31D0F0DD28EE}.Release|Any CPU.ActiveCfg = Release|Any CPU
		{7AC87E16-FB4F-46AC-8EF9-31D0F0DD28EE}.Release|Any CPU.Build.0 = Release|Any CPU
	EndGlobalSection
	GlobalSection(SolutionProperties) = preSolution
		HideSolutionNode = FALSE
	EndGlobalSection
	GlobalSection(ExtensibilityGlobals) = postSolution
		SolutionGuid = {4384A5D8-50CE-48D8-885E-C6AC346D0279}
	EndGlobalSection
EndGlobal
