
Microsoft Visual Studio Solution File, Format Version 12.00
# Visual Studio Version 16
VisualStudioVersion = 16.0.31624.102
MinimumVisualStudioVersion = 10.0.40219.1
Project("{FAE04EC0-301F-11D3-BF4B-00C04F79EFBC}") = "return 2 arr position if they add up to target", "return 2 arr position if they add up to target\return 2 arr position if they add up to target.csproj", "{29E0BE48-A9BC-4B40-89D7-A88D57B45133}"
EndProject
Global
	GlobalSection(SolutionConfigurationPlatforms) = preSolution
		Debug|Any CPU = Debug|Any CPU
		Release|Any CPU = Release|Any CPU
	EndGlobalSection
	GlobalSection(ProjectConfigurationPlatforms) = postSolution
		{29E0BE48-A9BC-4B40-89D7-A88D57B45133}.Debug|Any CPU.ActiveCfg = Debug|Any CPU
		{29E0BE48-A9BC-4B40-89D7-A88D57B45133}.Debug|Any CPU.Build.0 = Debug|Any CPU
		{29E0BE48-A9BC-4B40-89D7-A88D57B45133}.Release|Any CPU.ActiveCfg = Release|Any CPU
		{29E0BE48-A9BC-4B40-89D7-A88D57B45133}.Release|Any CPU.Build.0 = Release|Any CPU
	EndGlobalSection
	GlobalSection(SolutionProperties) = preSolution
		HideSolutionNode = FALSE
	EndGlobalSection
	GlobalSection(ExtensibilityGlobals) = postSolution
		SolutionGuid = {CFA7552F-482A-49E7-875D-AEA472DD6A14}
	EndGlobalSection
EndGlobal
