
Microsoft Visual Studio Solution File, Format Version 12.00
# Visual Studio Version 16
VisualStudioVersion = 16.0.31624.102
MinimumVisualStudioVersion = 10.0.40219.1
Project("{FAE04EC0-301F-11D3-BF4B-00C04F79EFBC}") = "Ses 1", "Ses 1\Ses 1.csproj", "{C6D7AF9C-2CD2-44A3-B2F2-CF9516CAC1FF}"
EndProject
Global
	GlobalSection(SolutionConfigurationPlatforms) = preSolution
		Debug|Any CPU = Debug|Any CPU
		Release|Any CPU = Release|Any CPU
	EndGlobalSection
	GlobalSection(ProjectConfigurationPlatforms) = postSolution
		{C6D7AF9C-2CD2-44A3-B2F2-CF9516CAC1FF}.Debug|Any CPU.ActiveCfg = Debug|Any CPU
		{C6D7AF9C-2CD2-44A3-B2F2-CF9516CAC1FF}.Debug|Any CPU.Build.0 = Debug|Any CPU
		{C6D7AF9C-2CD2-44A3-B2F2-CF9516CAC1FF}.Release|Any CPU.ActiveCfg = Release|Any CPU
		{C6D7AF9C-2CD2-44A3-B2F2-CF9516CAC1FF}.Release|Any CPU.Build.0 = Release|Any CPU
	EndGlobalSection
	GlobalSection(SolutionProperties) = preSolution
		HideSolutionNode = FALSE
	EndGlobalSection
	GlobalSection(ExtensibilityGlobals) = postSolution
		SolutionGuid = {A63201F4-8242-4E3F-8228-037F9319CABC}
	EndGlobalSection
EndGlobal
