
Microsoft Visual Studio Solution File, Format Version 12.00
# Visual Studio Version 16
VisualStudioVersion = 16.0.31624.102
MinimumVisualStudioVersion = 10.0.40219.1
Project("{FAE04EC0-301F-11D3-BF4B-00C04F79EFBC}") = "Office management sys", "Office management sys\Office management sys.csproj", "{15ECC59F-1C7A-4FFF-8D6E-850B7CC93BD5}"
EndProject
Global
	GlobalSection(SolutionConfigurationPlatforms) = preSolution
		Debug|Any CPU = Debug|Any CPU
		Release|Any CPU = Release|Any CPU
	EndGlobalSection
	GlobalSection(ProjectConfigurationPlatforms) = postSolution
		{15ECC59F-1C7A-4FFF-8D6E-850B7CC93BD5}.Debug|Any CPU.ActiveCfg = Debug|Any CPU
		{15ECC59F-1C7A-4FFF-8D6E-850B7CC93BD5}.Debug|Any CPU.Build.0 = Debug|Any CPU
		{15ECC59F-1C7A-4FFF-8D6E-850B7CC93BD5}.Release|Any CPU.ActiveCfg = Release|Any CPU
		{15ECC59F-1C7A-4FFF-8D6E-850B7CC93BD5}.Release|Any CPU.Build.0 = Release|Any CPU
	EndGlobalSection
	GlobalSection(SolutionProperties) = preSolution
		HideSolutionNode = FALSE
	EndGlobalSection
	GlobalSection(ExtensibilityGlobals) = postSolution
		SolutionGuid = {B1070224-4974-4573-AE82-C777FD5701CF}
	EndGlobalSection
EndGlobal
