
Microsoft Visual Studio Solution File, Format Version 12.00
# Visual Studio Version 16
VisualStudioVersion = 16.0.31624.102
MinimumVisualStudioVersion = 10.0.40219.1
Project("{FAE04EC0-301F-11D3-BF4B-00C04F79EFBC}") = "ComplexClass", "ComplexClass\ComplexClass.csproj", "{FCB2B234-E2F4-492A-9850-9E21D3FD0C31}"
EndProject
Global
	GlobalSection(SolutionConfigurationPlatforms) = preSolution
		Debug|Any CPU = Debug|Any CPU
		Release|Any CPU = Release|Any CPU
	EndGlobalSection
	GlobalSection(ProjectConfigurationPlatforms) = postSolution
		{FCB2B234-E2F4-492A-9850-9E21D3FD0C31}.Debug|Any CPU.ActiveCfg = Debug|Any CPU
		{FCB2B234-E2F4-492A-9850-9E21D3FD0C31}.Debug|Any CPU.Build.0 = Debug|Any CPU
		{FCB2B234-E2F4-492A-9850-9E21D3FD0C31}.Release|Any CPU.ActiveCfg = Release|Any CPU
		{FCB2B234-E2F4-492A-9850-9E21D3FD0C31}.Release|Any CPU.Build.0 = Release|Any CPU
	EndGlobalSection
	GlobalSection(SolutionProperties) = preSolution
		HideSolutionNode = FALSE
	EndGlobalSection
	GlobalSection(ExtensibilityGlobals) = postSolution
		SolutionGuid = {7635AA7A-9DCA-455C-83EB-23EDB43D99E4}
	EndGlobalSection
EndGlobal
